
Microsoft Visual Studio Solution File, Format Version 12.00
# Visual Studio Version 17
VisualStudioVersion = 17.0.31423.177
MinimumVisualStudioVersion = 10.0.40219.1
Project("{FAE04EC0-301F-11D3-BF4B-00C04F79EFBC}") = "ConfigArchBackEndNetCore", "ConfigArchBackEndNetCore\ConfigArchBackEndNetCore.csproj", "{CC0EC625-DD8E-448D-92C7-B649C29A258F}"
EndProject
Global
	GlobalSection(SolutionConfigurationPlatforms) = preSolution
		Debug|Any CPU = Debug|Any CPU
		Release|Any CPU = Release|Any CPU
	EndGlobalSection
	GlobalSection(ProjectConfigurationPlatforms) = postSolution
		{CC0EC625-DD8E-448D-92C7-B649C29A258F}.Debug|Any CPU.ActiveCfg = Debug|Any CPU
		{CC0EC625-DD8E-448D-92C7-B649C29A258F}.Debug|Any CPU.Build.0 = Debug|Any CPU
		{CC0EC625-DD8E-448D-92C7-B649C29A258F}.Release|Any CPU.ActiveCfg = Release|Any CPU
		{CC0EC625-DD8E-448D-92C7-B649C29A258F}.Release|Any CPU.Build.0 = Release|Any CPU
	EndGlobalSection
	GlobalSection(SolutionProperties) = preSolution
		HideSolutionNode = FALSE
	EndGlobalSection
	GlobalSection(ExtensibilityGlobals) = postSolution
		SolutionGuid = {944DEAFE-8C29-4CFD-A7C7-5709142C4A36}
	EndGlobalSection
EndGlobal
